// !$*UTF8*$!
{
	archiveVersion = 1;
	classes = {
	};
	objectVersion = 56;
	objects = {

/* Begin PBXBuildFile section */
		44061BF12AE014B60047B699 /* CalculationApp.mm in Sources */ = {isa = PBXBuildFile; fileRef = 44061BF02AE014B60047B699 /* CalculationApp.mm */; };
		444CD3F42B34914F0095AB73 /* MapControllerStackView.m in Sources */ = {isa = PBXBuildFile; fileRef = 444CD3F32B34914F0095AB73 /* MapControllerStackView.m */; };
		84114BD02B33E1AD005DC592 /* MapController.m in Sources */ = {isa = PBXBuildFile; fileRef = 84114BCF2B33E1AD005DC592 /* MapController.m */; };
		8454BBDA2B33E91A0037E6DA /* Location.m in Sources */ = {isa = PBXBuildFile; fileRef = 8454BBD92B33E91A0037E6DA /* Location.m */; };
		8454BBDE2B33EC940037E6DA /* LocationController.m in Sources */ = {isa = PBXBuildFile; fileRef = 8454BBDD2B33EC940037E6DA /* LocationController.m */; };
		8454BBE12B33F66B0037E6DA /* Location.json in Resources */ = {isa = PBXBuildFile; fileRef = 8454BBE02B33F66B0037E6DA /* Location.json */; };
		8458D70C2AD40B4800CF4935 /* AppDelegate.m in Sources */ = {isa = PBXBuildFile; fileRef = 8458D70B2AD40B4800CF4935 /* AppDelegate.m */; };
		8458D70F2AD40B4800CF4935 /* SceneDelegate.mm in Sources */ = {isa = PBXBuildFile; fileRef = 8458D70E2AD40B4800CF4935 /* SceneDelegate.mm */; };
		8458D7122AD40B4800CF4935 /* ViewController.m in Sources */ = {isa = PBXBuildFile; fileRef = 8458D7112AD40B4800CF4935 /* ViewController.m */; };
		8458D7152AD40B4800CF4935 /* Main.storyboard in Resources */ = {isa = PBXBuildFile; fileRef = 8458D7132AD40B4800CF4935 /* Main.storyboard */; };
		8458D7172AD40B4A00CF4935 /* Assets.xcassets in Resources */ = {isa = PBXBuildFile; fileRef = 8458D7162AD40B4A00CF4935 /* Assets.xcassets */; };
		8458D71A2AD40B4A00CF4935 /* LaunchScreen.storyboard in Resources */ = {isa = PBXBuildFile; fileRef = 8458D7182AD40B4A00CF4935 /* LaunchScreen.storyboard */; };
		8458D71D2AD40B4A00CF4935 /* main.m in Sources */ = {isa = PBXBuildFile; fileRef = 8458D71C2AD40B4A00CF4935 /* main.m */; };
		84882FAE2B359BB200D401AC /* LocationView.m in Sources */ = {isa = PBXBuildFile; fileRef = 84882FAD2B359BB200D401AC /* LocationView.m */; };
		84EBA3FD2B352BFD0023E565 /* MapControllerStackView.m in Sources */ = {isa = PBXBuildFile; fileRef = 84EBA3FC2B352BFD0023E565 /* MapControllerStackView.m */; };
/* End PBXBuildFile section */

/* Begin PBXFileReference section */
		44061BF02AE014B60047B699 /* CalculationApp.mm */ = {isa = PBXFileReference; lastKnownFileType = sourcecode.cpp.objcpp; path = CalculationApp.mm; sourceTree = "<group>"; };
		444CD3F22B3491210095AB73 /* MapControllerStackView.h */ = {isa = PBXFileReference; lastKnownFileType = sourcecode.c.h; path = MapControllerStackView.h; sourceTree = "<group>"; };
		444CD3F32B34914F0095AB73 /* MapControllerStackView.m */ = {isa = PBXFileReference; lastKnownFileType = sourcecode.c.objc; path = MapControllerStackView.m; sourceTree = "<group>"; };
		84114BCE2B33E1AD005DC592 /* MapController.h */ = {isa = PBXFileReference; lastKnownFileType = sourcecode.c.h; path = MapController.h; sourceTree = "<group>"; };
		84114BCF2B33E1AD005DC592 /* MapController.m */ = {isa = PBXFileReference; lastKnownFileType = sourcecode.c.objc; path = MapController.m; sourceTree = "<group>"; };
		8454BBD92B33E91A0037E6DA /* Location.m */ = {isa = PBXFileReference; lastKnownFileType = sourcecode.c.objc; path = Location.m; sourceTree = "<group>"; };
		8454BBDB2B33E92A0037E6DA /* Location.h */ = {isa = PBXFileReference; lastKnownFileType = sourcecode.c.h; path = Location.h; sourceTree = "<group>"; };
		8454BBDC2B33EC140037E6DA /* LocationController.h */ = {isa = PBXFileReference; lastKnownFileType = sourcecode.c.h; path = LocationController.h; sourceTree = "<group>"; };
		8454BBDD2B33EC940037E6DA /* LocationController.m */ = {isa = PBXFileReference; lastKnownFileType = sourcecode.c.objc; path = LocationController.m; sourceTree = "<group>"; };
		8454BBE02B33F66B0037E6DA /* Location.json */ = {isa = PBXFileReference; fileEncoding = 4; lastKnownFileType = text.json; path = Location.json; sourceTree = "<group>"; };
		8458D7072AD40B4800CF4935 /* Master iOs.app */ = {isa = PBXFileReference; explicitFileType = wrapper.application; includeInIndex = 0; path = "Master iOs.app"; sourceTree = BUILT_PRODUCTS_DIR; };
		8458D70A2AD40B4800CF4935 /* AppDelegate.h */ = {isa = PBXFileReference; lastKnownFileType = sourcecode.c.h; path = AppDelegate.h; sourceTree = "<group>"; };
		8458D70B2AD40B4800CF4935 /* AppDelegate.m */ = {isa = PBXFileReference; lastKnownFileType = sourcecode.c.objc; path = AppDelegate.m; sourceTree = "<group>"; };
		8458D70D2AD40B4800CF4935 /* SceneDelegate.h */ = {isa = PBXFileReference; lastKnownFileType = sourcecode.c.h; path = SceneDelegate.h; sourceTree = "<group>"; };
		8458D70E2AD40B4800CF4935 /* SceneDelegate.mm */ = {isa = PBXFileReference; lastKnownFileType = sourcecode.cpp.objcpp; path = SceneDelegate.mm; sourceTree = "<group>"; };
		8458D7102AD40B4800CF4935 /* ViewController.h */ = {isa = PBXFileReference; lastKnownFileType = sourcecode.c.h; path = ViewController.h; sourceTree = "<group>"; };
		8458D7112AD40B4800CF4935 /* ViewController.m */ = {isa = PBXFileReference; lastKnownFileType = sourcecode.c.objc; path = ViewController.m; sourceTree = "<group>"; };
		8458D7142AD40B4800CF4935 /* Base */ = {isa = PBXFileReference; lastKnownFileType = file.storyboard; name = Base; path = Base.lproj/Main.storyboard; sourceTree = "<group>"; };
		8458D7162AD40B4A00CF4935 /* Assets.xcassets */ = {isa = PBXFileReference; lastKnownFileType = folder.assetcatalog; path = Assets.xcassets; sourceTree = "<group>"; };
		8458D7192AD40B4A00CF4935 /* Base */ = {isa = PBXFileReference; lastKnownFileType = file.storyboard; name = Base; path = Base.lproj/LaunchScreen.storyboard; sourceTree = "<group>"; };
		8458D71B2AD40B4A00CF4935 /* Info.plist */ = {isa = PBXFileReference; lastKnownFileType = text.plist.xml; path = Info.plist; sourceTree = "<group>"; };
		8458D71C2AD40B4A00CF4935 /* main.m */ = {isa = PBXFileReference; lastKnownFileType = sourcecode.c.objc; path = main.m; sourceTree = "<group>"; };
		847082142ADFF03100DE6A0E /* CalculationApp.h */ = {isa = PBXFileReference; fileEncoding = 4; lastKnownFileType = sourcecode.c.h; name = CalculationApp.h; path = "Master iOs/CalculationApp.h"; sourceTree = SOURCE_ROOT; };
		84882FAD2B359BB200D401AC /* LocationView.m */ = {isa = PBXFileReference; lastKnownFileType = sourcecode.c.objc; path = LocationView.m; sourceTree = "<group>"; };
		84882FAF2B359BCD00D401AC /* LocationView.h */ = {isa = PBXFileReference; lastKnownFileType = sourcecode.c.h; path = LocationView.h; sourceTree = "<group>"; };
		84EBA3FB2B352BCF0023E565 /* MapControllerStackView.h */ = {isa = PBXFileReference; lastKnownFileType = sourcecode.c.h; path = MapControllerStackView.h; sourceTree = "<group>"; };
		84EBA3FC2B352BFD0023E565 /* MapControllerStackView.m */ = {isa = PBXFileReference; lastKnownFileType = sourcecode.c.objc; path = MapControllerStackView.m; sourceTree = "<group>"; };
/* End PBXFileReference section */

/* Begin PBXFrameworksBuildPhase section */
		8458D7042AD40B4800CF4935 /* Frameworks */ = {
			isa = PBXFrameworksBuildPhase;
			buildActionMask = 2147483647;
			files = (
			);
			runOnlyForDeploymentPostprocessing = 0;
		};
/* End PBXFrameworksBuildPhase section */

/* Begin PBXGroup section */
		4440B9A02AD6E82E001B1278 /* CalculationApp */ = {
			isa = PBXGroup;
			children = (
				847082142ADFF03100DE6A0E /* CalculationApp.h */,
				44061BF02AE014B60047B699 /* CalculationApp.mm */,
			);
			path = CalculationApp;
			sourceTree = "<group>";
		};
		444CD3F12B3490D10095AB73 /* MapController-StackView */ = {
			isa = PBXGroup;
			children = (
				444CD3F22B3491210095AB73 /* MapControllerStackView.h */,
				444CD3F32B34914F0095AB73 /* MapControllerStackView.m */,
			);
			path = "MapController-StackView";
			sourceTree = "<group>";
		};
		84114BCD2B33E18A005DC592 /* MapController */ = {
			isa = PBXGroup;
			children = (
				84EBA3FA2B352ABA0023E565 /* MapControllerStackView */,
				8454BBD52B33E8C90037E6DA /* Location */,
				84114BCE2B33E1AD005DC592 /* MapController.h */,
				84114BCF2B33E1AD005DC592 /* MapController.m */,
			);
			path = MapController;
			sourceTree = "<group>";
		};
		8454BBD52B33E8C90037E6DA /* Location */ = {
			isa = PBXGroup;
			children = (
				8454BBE02B33F66B0037E6DA /* Location.json */,
				8454BBD92B33E91A0037E6DA /* Location.m */,
				8454BBDB2B33E92A0037E6DA /* Location.h */,
				8454BBDC2B33EC140037E6DA /* LocationController.h */,
				8454BBDD2B33EC940037E6DA /* LocationController.m */,
				84882FAF2B359BCD00D401AC /* LocationView.h */,
				84882FAD2B359BB200D401AC /* LocationView.m */,
			);
			path = Location;
			sourceTree = "<group>";
		};
		8458D6FE2AD40B4800CF4935 = {
			isa = PBXGroup;
			children = (
				8458D7092AD40B4800CF4935 /* Master iOs */,
				8458D7082AD40B4800CF4935 /* Products */,
			);
			sourceTree = "<group>";
		};
		8458D7082AD40B4800CF4935 /* Products */ = {
			isa = PBXGroup;
			children = (
				8458D7072AD40B4800CF4935 /* Master iOs.app */,
			);
			name = Products;
			sourceTree = "<group>";
		};
		8458D7092AD40B4800CF4935 /* Master iOs */ = {
			isa = PBXGroup;
			children = (
				84114BCD2B33E18A005DC592 /* MapController */,
				8458D7232AD55C9800CF4935 /* AutoLayoutPractice */,
				4440B9A02AD6E82E001B1278 /* CalculationApp */,
				8458D70A2AD40B4800CF4935 /* AppDelegate.h */,
				8458D70B2AD40B4800CF4935 /* AppDelegate.m */,
				8458D70D2AD40B4800CF4935 /* SceneDelegate.h */,
				8458D70E2AD40B4800CF4935 /* SceneDelegate.mm */,
				8458D7132AD40B4800CF4935 /* Main.storyboard */,
				8458D7162AD40B4A00CF4935 /* Assets.xcassets */,
				84EBA3F92B343ED00023E565 /* CafeShops */,
				8458D7182AD40B4A00CF4935 /* LaunchScreen.storyboard */,
				8458D71B2AD40B4A00CF4935 /* Info.plist */,
				8458D71C2AD40B4A00CF4935 /* main.m */,
			);
			path = "Master iOs";
			sourceTree = "<group>";
		};
		8458D7232AD55C9800CF4935 /* AutoLayoutPractice */ = {
			isa = PBXGroup;
			children = (
				8458D7102AD40B4800CF4935 /* ViewController.h */,
				8458D7112AD40B4800CF4935 /* ViewController.m */,
			);
			path = AutoLayoutPractice;
			sourceTree = "<group>";
		};
		84EBA3F92B343ED00023E565 /* CafeShops */ = {
			isa = PBXGroup;
			children = (
			);
			path = CafeShops;
			sourceTree = "<group>";
		};
		84EBA3FA2B352ABA0023E565 /* MapControllerStackView */ = {
			isa = PBXGroup;
			children = (
				84EBA3FB2B352BCF0023E565 /* MapControllerStackView.h */,
				84EBA3FC2B352BFD0023E565 /* MapControllerStackView.m */,
			);
			path = MapControllerStackView;
			sourceTree = "<group>";
		};
/* End PBXGroup section */

/* Begin PBXNativeTarget section */
		8458D7062AD40B4800CF4935 /* Master iOs */ = {
			isa = PBXNativeTarget;
			buildConfigurationList = 8458D7202AD40B4A00CF4935 /* Build configuration list for PBXNativeTarget "Master iOs" */;
			buildPhases = (
				8458D7032AD40B4800CF4935 /* Sources */,
				8458D7042AD40B4800CF4935 /* Frameworks */,
				8458D7052AD40B4800CF4935 /* Resources */,
			);
			buildRules = (
			);
			dependencies = (
			);
			name = "Master iOs";
			productName = "Master iOs";
			productReference = 8458D7072AD40B4800CF4935 /* Master iOs.app */;
			productType = "com.apple.product-type.application";
		};
/* End PBXNativeTarget section */

/* Begin PBXProject section */
		8458D6FF2AD40B4800CF4935 /* Project object */ = {
			isa = PBXProject;
			attributes = {
				BuildIndependentTargetsInParallel = 1;
				LastUpgradeCheck = 1420;
				TargetAttributes = {
					8458D7062AD40B4800CF4935 = {
						CreatedOnToolsVersion = 14.2;
					};
				};
			};
			buildConfigurationList = 8458D7022AD40B4800CF4935 /* Build configuration list for PBXProject "Master iOs" */;
			compatibilityVersion = "Xcode 14.0";
			developmentRegion = en;
			hasScannedForEncodings = 0;
			knownRegions = (
				en,
				Base,
			);
			mainGroup = 8458D6FE2AD40B4800CF4935;
			productRefGroup = 8458D7082AD40B4800CF4935 /* Products */;
			projectDirPath = "";
			projectRoot = "";
			targets = (
				8458D7062AD40B4800CF4935 /* Master iOs */,
			);
		};
/* End PBXProject section */

/* Begin PBXResourcesBuildPhase section */
		8458D7052AD40B4800CF4935 /* Resources */ = {
			isa = PBXResourcesBuildPhase;
			buildActionMask = 2147483647;
			files = (
				8458D71A2AD40B4A00CF4935 /* LaunchScreen.storyboard in Resources */,
				8458D7172AD40B4A00CF4935 /* Assets.xcassets in Resources */,
				8454BBE12B33F66B0037E6DA /* Location.json in Resources */,
				8458D7152AD40B4800CF4935 /* Main.storyboard in Resources */,
			);
			runOnlyForDeploymentPostprocessing = 0;
		};
/* End PBXResourcesBuildPhase section */

/* Begin PBXSourcesBuildPhase section */
		8458D7032AD40B4800CF4935 /* Sources */ = {
			isa = PBXSourcesBuildPhase;
			buildActionMask = 2147483647;
			files = (
				84EBA3FD2B352BFD0023E565 /* MapControllerStackView.m in Sources */,
				8458D7122AD40B4800CF4935 /* ViewController.m in Sources */,
				8458D70C2AD40B4800CF4935 /* AppDelegate.m in Sources */,
				8458D71D2AD40B4A00CF4935 /* main.m in Sources */,
				8458D70F2AD40B4800CF4935 /* SceneDelegate.mm in Sources */,
				8454BBDE2B33EC940037E6DA /* LocationController.m in Sources */,
				8454BBDA2B33E91A0037E6DA /* Location.m in Sources */,
				84882FAE2B359BB200D401AC /* LocationView.m in Sources */,
				84114BD02B33E1AD005DC592 /* MapController.m in Sources */,
				44061BF12AE014B60047B699 /* CalculationApp.mm in Sources */,
			);
			runOnlyForDeploymentPostprocessing = 0;
		};
/* End PBXSourcesBuildPhase section */

/* Begin PBXVariantGroup section */
		8458D7132AD40B4800CF4935 /* Main.storyboard */ = {
			isa = PBXVariantGroup;
			children = (
				8458D7142AD40B4800CF4935 /* Base */,
			);
			name = Main.storyboard;
			sourceTree = "<group>";
			usesTabs = 1;
		};
		8458D7182AD40B4A00CF4935 /* LaunchScreen.storyboard */ = {
			isa = PBXVariantGroup;
			children = (
				8458D7192AD40B4A00CF4935 /* Base */,
			);
			name = LaunchScreen.storyboard;
			sourceTree = "<group>";
		};
/* End PBXVariantGroup section */

/* Begin XCBuildConfiguration section */
		8458D71E2AD40B4A00CF4935 /* Debug */ = {
			isa = XCBuildConfiguration;
			buildSettings = {
				ALWAYS_SEARCH_USER_PATHS = NO;
				CLANG_ANALYZER_NONNULL = YES;
				CLANG_ANALYZER_NUMBER_OBJECT_CONVERSION = YES_AGGRESSIVE;
				CLANG_CXX_LANGUAGE_STANDARD = "gnu++20";
				CLANG_ENABLE_MODULES = YES;
				CLANG_ENABLE_OBJC_ARC = YES;
				CLANG_ENABLE_OBJC_WEAK = YES;
				CLANG_WARN_BLOCK_CAPTURE_AUTORELEASING = YES;
				CLANG_WARN_BOOL_CONVERSION = YES;
				CLANG_WARN_COMMA = YES;
				CLANG_WARN_CONSTANT_CONVERSION = YES;
				CLANG_WARN_DEPRECATED_OBJC_IMPLEMENTATIONS = YES;
				CLANG_WARN_DIRECT_OBJC_ISA_USAGE = YES_ERROR;
				CLANG_WARN_DOCUMENTATION_COMMENTS = YES;
				CLANG_WARN_EMPTY_BODY = YES;
				CLANG_WARN_ENUM_CONVERSION = YES;
				CLANG_WARN_INFINITE_RECURSION = YES;
				CLANG_WARN_INT_CONVERSION = YES;
				CLANG_WARN_NON_LITERAL_NULL_CONVERSION = YES;
				CLANG_WARN_OBJC_IMPLICIT_RETAIN_SELF = YES;
				CLANG_WARN_OBJC_LITERAL_CONVERSION = YES;
				CLANG_WARN_OBJC_ROOT_CLASS = YES_ERROR;
				CLANG_WARN_QUOTED_INCLUDE_IN_FRAMEWORK_HEADER = YES;
				CLANG_WARN_RANGE_LOOP_ANALYSIS = YES;
				CLANG_WARN_STRICT_PROTOTYPES = YES;
				CLANG_WARN_SUSPICIOUS_MOVE = YES;
				CLANG_WARN_UNGUARDED_AVAILABILITY = YES_AGGRESSIVE;
				CLANG_WARN_UNREACHABLE_CODE = YES;
				CLANG_WARN__DUPLICATE_METHOD_MATCH = YES;
				COPY_PHASE_STRIP = NO;
				DEBUG_INFORMATION_FORMAT = dwarf;
				ENABLE_STRICT_OBJC_MSGSEND = YES;
				ENABLE_TESTABILITY = YES;
				GCC_C_LANGUAGE_STANDARD = gnu11;
				GCC_DYNAMIC_NO_PIC = NO;
				GCC_NO_COMMON_BLOCKS = YES;
				GCC_OPTIMIZATION_LEVEL = 0;
				GCC_PREPROCESSOR_DEFINITIONS = (
					"DEBUG=1",
					"$(inherited)",
				);
				GCC_WARN_64_TO_32_BIT_CONVERSION = YES;
				GCC_WARN_ABOUT_RETURN_TYPE = YES_ERROR;
				GCC_WARN_UNDECLARED_SELECTOR = YES;
				GCC_WARN_UNINITIALIZED_AUTOS = YES_AGGRESSIVE;
				GCC_WARN_UNUSED_FUNCTION = YES;
				GCC_WARN_UNUSED_VARIABLE = YES;
				IPHONEOS_DEPLOYMENT_TARGET = 16.2;
				MTL_ENABLE_DEBUG_INFO = INCLUDE_SOURCE;
				MTL_FAST_MATH = YES;
				ONLY_ACTIVE_ARCH = YES;
				SDKROOT = iphoneos;
			};
			name = Debug;
		};
		8458D71F2AD40B4A00CF4935 /* Release */ = {
			isa = XCBuildConfiguration;
			buildSettings = {
				ALWAYS_SEARCH_USER_PATHS = NO;
				CLANG_ANALYZER_NONNULL = YES;
				CLANG_ANALYZER_NUMBER_OBJECT_CONVERSION = YES_AGGRESSIVE;
				CLANG_CXX_LANGUAGE_STANDARD = "gnu++20";
				CLANG_ENABLE_MODULES = YES;
				CLANG_ENABLE_OBJC_ARC = YES;
				CLANG_ENABLE_OBJC_WEAK = YES;
				CLANG_WARN_BLOCK_CAPTURE_AUTORELEASING = YES;
				CLANG_WARN_BOOL_CONVERSION = YES;
				CLANG_WARN_COMMA = YES;
				CLANG_WARN_CONSTANT_CONVERSION = YES;
				CLANG_WARN_DEPRECATED_OBJC_IMPLEMENTATIONS = YES;
				CLANG_WARN_DIRECT_OBJC_ISA_USAGE = YES_ERROR;
				CLANG_WARN_DOCUMENTATION_COMMENTS = YES;
				CLANG_WARN_EMPTY_BODY = YES;
				CLANG_WARN_ENUM_CONVERSION = YES;
				CLANG_WARN_INFINITE_RECURSION = YES;
				CLANG_WARN_INT_CONVERSION = YES;
				CLANG_WARN_NON_LITERAL_NULL_CONVERSION = YES;
				CLANG_WARN_OBJC_IMPLICIT_RETAIN_SELF = YES;
				CLANG_WARN_OBJC_LITERAL_CONVERSION = YES;
				CLANG_WARN_OBJC_ROOT_CLASS = YES_ERROR;
				CLANG_WARN_QUOTED_INCLUDE_IN_FRAMEWORK_HEADER = YES;
				CLANG_WARN_RANGE_LOOP_ANALYSIS = YES;
				CLANG_WARN_STRICT_PROTOTYPES = YES;
				CLANG_WARN_SUSPICIOUS_MOVE = YES;
				CLANG_WARN_UNGUARDED_AVAILABILITY = YES_AGGRESSIVE;
				CLANG_WARN_UNREACHABLE_CODE = YES;
				CLANG_WARN__DUPLICATE_METHOD_MATCH = YES;
				COPY_PHASE_STRIP = NO;
				DEBUG_INFORMATION_FORMAT = "dwarf-with-dsym";
				ENABLE_NS_ASSERTIONS = NO;
				ENABLE_STRICT_OBJC_MSGSEND = YES;
				GCC_C_LANGUAGE_STANDARD = gnu11;
				GCC_NO_COMMON_BLOCKS = YES;
				GCC_WARN_64_TO_32_BIT_CONVERSION = YES;
				GCC_WARN_ABOUT_RETURN_TYPE = YES_ERROR;
				GCC_WARN_UNDECLARED_SELECTOR = YES;
				GCC_WARN_UNINITIALIZED_AUTOS = YES_AGGRESSIVE;
				GCC_WARN_UNUSED_FUNCTION = YES;
				GCC_WARN_UNUSED_VARIABLE = YES;
				IPHONEOS_DEPLOYMENT_TARGET = 16.2;
				MTL_ENABLE_DEBUG_INFO = NO;
				MTL_FAST_MATH = YES;
				SDKROOT = iphoneos;
				VALIDATE_PRODUCT = YES;
			};
			name = Release;
		};
		8458D7212AD40B4A00CF4935 /* Debug */ = {
			isa = XCBuildConfiguration;
			buildSettings = {
				ASSETCATALOG_COMPILER_APPICON_NAME = AppIcon;
				ASSETCATALOG_COMPILER_GLOBAL_ACCENT_COLOR_NAME = AccentColor;
				CODE_SIGN_STYLE = Automatic;
				CURRENT_PROJECT_VERSION = 1;
				DEVELOPMENT_TEAM = C52BQT86M4;
				GENERATE_INFOPLIST_FILE = YES;
				INFOPLIST_FILE = "Master iOs/Info.plist";
				INFOPLIST_KEY_UIApplicationSupportsIndirectInputEvents = YES;
				INFOPLIST_KEY_UILaunchStoryboardName = LaunchScreen;
				INFOPLIST_KEY_UIMainStoryboardFile = Main;
				INFOPLIST_KEY_UISupportedInterfaceOrientations = "UIInterfaceOrientationLandscapeLeft UIInterfaceOrientationLandscapeRight UIInterfaceOrientationPortrait";
				LD_RUNPATH_SEARCH_PATHS = (
					"$(inherited)",
					"@executable_path/Frameworks",
				);
				MARKETING_VERSION = 1.0;
				PRODUCT_BUNDLE_IDENTIFIER = "trungdx.Master-iOs";
				PRODUCT_NAME = "$(TARGET_NAME)";
				SWIFT_EMIT_LOC_STRINGS = YES;
				TARGETED_DEVICE_FAMILY = "1,2";
			};
			name = Debug;
		};
		8458D7222AD40B4A00CF4935 /* Release */ = {
			isa = XCBuildConfiguration;
			buildSettings = {
				ASSETCATALOG_COMPILER_APPICON_NAME = AppIcon;
				ASSETCATALOG_COMPILER_GLOBAL_ACCENT_COLOR_NAME = AccentColor;
				CODE_SIGN_STYLE = Automatic;
				CURRENT_PROJECT_VERSION = 1;
				DEVELOPMENT_TEAM = C52BQT86M4;
				GENERATE_INFOPLIST_FILE = YES;
				INFOPLIST_FILE = "Master iOs/Info.plist";
				INFOPLIST_KEY_UIApplicationSupportsIndirectInputEvents = YES;
				INFOPLIST_KEY_UILaunchStoryboardName = LaunchScreen;
				INFOPLIST_KEY_UIMainStoryboardFile = Main;
				INFOPLIST_KEY_UISupportedInterfaceOrientations = "UIInterfaceOrientationLandscapeLeft UIInterfaceOrientationLandscapeRight UIInterfaceOrientationPortrait";
				LD_RUNPATH_SEARCH_PATHS = (
					"$(inherited)",
					"@executable_path/Frameworks",
				);
				MARKETING_VERSION = 1.0;
				PRODUCT_BUNDLE_IDENTIFIER = "trungdx.Master-iOs";
				PRODUCT_NAME = "$(TARGET_NAME)";
				SWIFT_EMIT_LOC_STRINGS = YES;
				TARGETED_DEVICE_FAMILY = "1,2";
			};
			name = Release;
		};
/* End XCBuildConfiguration section */

/* Begin XCConfigurationList section */
		8458D7022AD40B4800CF4935 /* Build configuration list for PBXProject "Master iOs" */ = {
			isa = XCConfigurationList;
			buildConfigurations = (
				8458D71E2AD40B4A00CF4935 /* Debug */,
				8458D71F2AD40B4A00CF4935 /* Release */,
			);
			defaultConfigurationIsVisible = 0;
			defaultConfigurationName = Release;
		};
		8458D7202AD40B4A00CF4935 /* Build configuration list for PBXNativeTarget "Master iOs" */ = {
			isa = XCConfigurationList;
			buildConfigurations = (
				8458D7212AD40B4A00CF4935 /* Debug */,
				8458D7222AD40B4A00CF4935 /* Release */,
			);
			defaultConfigurationIsVisible = 0;
			defaultConfigurationName = Release;
		};
/* End XCConfigurationList section */
	};
	rootObject = 8458D6FF2AD40B4800CF4935 /* Project object */;
}
